// !$*UTF8*$!
{
	archiveVersion = 1;
	classes = {
	};
	objectVersion = 46;
	objects = {

/* Begin PBXBuildFile section */
		8592B2D014FB675800B50188 /* Cocoa.framework in Frameworks */ = {isa = PBXBuildFile; fileRef = 8592B2CF14FB675800B50188 /* Cocoa.framework */; };
		8592B2DA14FB675800B50188 /* InfoPlist.strings in Resources */ = {isa = PBXBuildFile; fileRef = 8592B2D814FB675800B50188 /* InfoPlist.strings */; };
		8592B2DC14FB675800B50188 /* main.m in Sources */ = {isa = PBXBuildFile; fileRef = 8592B2DB14FB675800B50188 /* main.m */; };
		8592B2E014FB675800B50188 /* Credits.rtf in Resources */ = {isa = PBXBuildFile; fileRef = 8592B2DE14FB675800B50188 /* Credits.rtf */; };
		8592B2E314FB675800B50188 /* AppDelegate.m in Sources */ = {isa = PBXBuildFile; fileRef = 8592B2E214FB675800B50188 /* AppDelegate.m */; };
		8592B2E614FB675800B50188 /* MainMenu.xib in Resources */ = {isa = PBXBuildFile; fileRef = 8592B2E414FB675800B50188 /* MainMenu.xib */; };
/* End PBXBuildFile section */

/* Begin PBXFileReference section */
		8592B2CB14FB675800B50188 /* PanMaker.app */ = {isa = PBXFileReference; explicitFileType = wrapper.application; includeInIndex = 0; path = PanMaker.app; sourceTree = BUILT_PRODUCTS_DIR; };
		8592B2CF14FB675800B50188 /* Cocoa.framework */ = {isa = PBXFileReference; lastKnownFileType = wrapper.framework; name = Cocoa.framework; path = System/Library/Frameworks/Cocoa.framework; sourceTree = SDKROOT; };
		8592B2D214FB675800B50188 /* AppKit.framework */ = {isa = PBXFileReference; lastKnownFileType = wrapper.framework; name = AppKit.framework; path = System/Library/Frameworks/AppKit.framework; sourceTree = SDKROOT; };
		8592B2D314FB675800B50188 /* CoreData.framework */ = {isa = PBXFileReference; lastKnownFileType = wrapper.framework; name = CoreData.framework; path = System/Library/Frameworks/CoreData.framework; sourceTree = SDKROOT; };
		8592B2D414FB675800B50188 /* Foundation.framework */ = {isa = PBXFileReference; lastKnownFileType = wrapper.framework; name = Foundation.framework; path = System/Library/Frameworks/Foundation.framework; sourceTree = SDKROOT; };
		8592B2D714FB675800B50188 /* PanMaker-Info.plist */ = {isa = PBXFileReference; path = "PanMaker-Info.plist"; sourceTree = "<group>"; };
		8592B2D914FB675800B50188 /* en */ = {isa = PBXFileReference; lastKnownFileType = text.plist.strings; name = en; path = en.lproj/InfoPlist.strings; sourceTree = "<group>"; };
		8592B2DB14FB675800B50188 /* main.m */ = {isa = PBXFileReference; lastKnownFileType = sourcecode.c.objc; path = main.m; sourceTree = "<group>"; };
		8592B2DD14FB675800B50188 /* PanMaker-Prefix.pch */ = {isa = PBXFileReference; path = "PanMaker-Prefix.pch"; sourceTree = "<group>"; };
		8592B2DF14FB675800B50188 /* en */ = {isa = PBXFileReference; lastKnownFileType = text.rtf; name = en; path = en.lproj/Credits.rtf; sourceTree = "<group>"; };
		8592B2E114FB675800B50188 /* AppDelegate.h */ = {isa = PBXFileReference; path = AppDelegate.h; sourceTree = "<group>"; };
		8592B2E214FB675800B50188 /* AppDelegate.m */ = {isa = PBXFileReference; lastKnownFileType = sourcecode.c.objc; path = AppDelegate.m; sourceTree = "<group>"; };
		8592B2E514FB675800B50188 /* en */ = {isa = PBXFileReference; lastKnownFileType = file.xib; name = en; path = en.lproj/MainMenu.xib; sourceTree = "<group>"; };
/* End PBXFileReference section */

/* Begin PBXFrameworksBuildPhase section */
		8592B2C814FB675800B50188 /* Frameworks */ = {
			isa = PBXFrameworksBuildPhase;
			buildActionMask = 2147483647;
			files = (
				8592B2D014FB675800B50188 /* Cocoa.framework in Frameworks */,
			);
			runOnlyForDeploymentPostprocessing = 0;
		};
/* End PBXFrameworksBuildPhase section */

/* Begin PBXGroup section */
		8592B2C014FB675700B50188 = {
			isa = PBXGroup;
			children = (
				8592B2D514FB675800B50188 /* PanMaker */,
				8592B2CE14FB675800B50188 /* Frameworks */,
				8592B2CC14FB675800B50188 /* Products */,
			);
			sourceTree = "<group>";
		};
		8592B2CC14FB675800B50188 /* Products */ = {
			isa = PBXGroup;
			children = (
				8592B2CB14FB675800B50188 /* PanMaker.app */,
			);
			name = Products;
			sourceTree = "<group>";
		};
		8592B2CE14FB675800B50188 /* Frameworks */ = {
			isa = PBXGroup;
			children = (
				8592B2CF14FB675800B50188 /* Cocoa.framework */,
				8592B2D114FB675800B50188 /* Other Frameworks */,
			);
			name = Frameworks;
			sourceTree = "<group>";
		};
		8592B2D114FB675800B50188 /* Other Frameworks */ = {
			isa = PBXGroup;
			children = (
				8592B2D214FB675800B50188 /* AppKit.framework */,
				8592B2D314FB675800B50188 /* CoreData.framework */,
				8592B2D414FB675800B50188 /* Foundation.framework */,
			);
			name = "Other Frameworks";
			sourceTree = "<group>";
		};
		8592B2D514FB675800B50188 /* PanMaker */ = {
			isa = PBXGroup;
			children = (
				8592B2E114FB675800B50188 /* AppDelegate.h */,
				8592B2E214FB675800B50188 /* AppDelegate.m */,
				8592B2E414FB675800B50188 /* MainMenu.xib */,
				8592B2D614FB675800B50188 /* Supporting Files */,
			);
			path = PanMaker;
			sourceTree = "<group>";
		};
		8592B2D614FB675800B50188 /* Supporting Files */ = {
			isa = PBXGroup;
			children = (
				8592B2D714FB675800B50188 /* PanMaker-Info.plist */,
				8592B2D814FB675800B50188 /* InfoPlist.strings */,
				8592B2DB14FB675800B50188 /* main.m */,
				8592B2DD14FB675800B50188 /* PanMaker-Prefix.pch */,
				8592B2DE14FB675800B50188 /* Credits.rtf */,
			);
			name = "Supporting Files";
			sourceTree = "<group>";
		};
/* End PBXGroup section */

/* Begin PBXNativeTarget section */
		8592B2CA14FB675800B50188 /* PanMaker */ = {
			isa = PBXNativeTarget;
			buildConfigurationList = 8592B2E914FB675800B50188 /* Build configuration list for PBXNativeTarget "PanMaker" */;
			buildPhases = (
				8592B2C714FB675800B50188 /* Sources */,
				8592B2C814FB675800B50188 /* Frameworks */,
				8592B2C914FB675800B50188 /* Resources */,
			);
			buildRules = (
			);
			dependencies = (
			);
			name = PanMaker;
			productName = PanMaker;
			productReference = 8592B2CB14FB675800B50188 /* PanMaker.app */;
			productType = "com.apple.product-type.application";
		};
/* End PBXNativeTarget section */

/* Begin PBXProject section */
		8592B2C214FB675700B50188 /* Project object */ = {
			isa = PBXProject;
			attributes = {
				LastUpgradeCheck = 0420;
			};
			buildConfigurationList = 8592B2C514FB675700B50188 /* Build configuration list for PBXProject "PanMaker" */;
			compatibilityVersion = "Xcode 3.2";
			developmentRegion = English;
			hasScannedForEncodings = 0;
			knownRegions = (
				en,
			);
			mainGroup = 8592B2C014FB675700B50188;
			productRefGroup = 8592B2CC14FB675800B50188 /* Products */;
			projectDirPath = "";
			projectRoot = "";
			targets = (
				8592B2CA14FB675800B50188 /* PanMaker */,
			);
		};
/* End PBXProject section */

/* Begin PBXResourcesBuildPhase section */
		8592B2C914FB675800B50188 /* Resources */ = {
			isa = PBXResourcesBuildPhase;
			buildActionMask = 2147483647;
			files = (
				8592B2DA14FB675800B50188 /* InfoPlist.strings in Resources */,
				8592B2E014FB675800B50188 /* Credits.rtf in Resources */,
				8592B2E614FB675800B50188 /* MainMenu.xib in Resources */,
			);
			runOnlyForDeploymentPostprocessing = 0;
		};
/* End PBXResourcesBuildPhase section */

/* Begin PBXSourcesBuildPhase section */
		8592B2C714FB675800B50188 /* Sources */ = {
			isa = PBXSourcesBuildPhase;
			buildActionMask = 2147483647;
			files = (
				8592B2DC14FB675800B50188 /* main.m in Sources */,
				8592B2E314FB675800B50188 /* AppDelegate.m in Sources */,
			);
			runOnlyForDeploymentPostprocessing = 0;
		};
/* End PBXSourcesBuildPhase section */

/* Begin PBXVariantGroup section */
		8592B2D814FB675800B50188 /* InfoPlist.strings */ = {
			isa = PBXVariantGroup;
			children = (
				8592B2D914FB675800B50188 /* en */,
			);
			name = InfoPlist.strings;
			sourceTree = "<group>";
		};
		8592B2DE14FB675800B50188 /* Credits.rtf */ = {
			isa = PBXVariantGroup;
			children = (
				8592B2DF14FB675800B50188 /* en */,
			);
			name = Credits.rtf;
			sourceTree = "<group>";
		};
		8592B2E414FB675800B50188 /* MainMenu.xib */ = {
			isa = PBXVariantGroup;
			children = (
				8592B2E514FB675800B50188 /* en */,
			);
			name = MainMenu.xib;
			sourceTree = "<group>";
		};
/* End PBXVariantGroup section */

/* Begin XCBuildConfiguration section */
		8592B2E714FB675800B50188 /* Debug */ = {
			isa = XCBuildConfiguration;
			buildSettings = {
				ALWAYS_SEARCH_USER_PATHS = NO;
				ARCHS = "$(ARCHS_STANDARD_64_BIT)";
				CLANG_ENABLE_OBJC_ARC = YES;
				COPY_PHASE_STRIP = NO;
				GCC_C_LANGUAGE_STANDARD = gnu99;
				GCC_DYNAMIC_NO_PIC = NO;
				GCC_ENABLE_OBJC_EXCEPTIONS = YES;
				GCC_OPTIMIZATION_LEVEL = 0;
				GCC_PREPROCESSOR_DEFINITIONS = (
					"DEBUG=1",
					"$(inherited)",
				);
				GCC_SYMBOLS_PRIVATE_EXTERN = NO;
				GCC_VERSION = com.apple.compilers.llvm.clang.1_0;
				GCC_WARN_64_TO_32_BIT_CONVERSION = YES;
				GCC_WARN_ABOUT_MISSING_PROTOTYPES = YES;
				GCC_WARN_ABOUT_RETURN_TYPE = YES;
				GCC_WARN_UNUSED_VARIABLE = YES;
				MACOSX_DEPLOYMENT_TARGET = 10.7;
				ONLY_ACTIVE_ARCH = YES;
				SDKROOT = macosx;
			};
			name = Debug;
		};
		8592B2E814FB675800B50188 /* Release */ = {
			isa = XCBuildConfiguration;
			buildSettings = {
				ALWAYS_SEARCH_USER_PATHS = NO;
				ARCHS = "$(ARCHS_STANDARD_64_BIT)";
				CLANG_ENABLE_OBJC_ARC = YES;
				COPY_PHASE_STRIP = YES;
				DEBUG_INFORMATION_FORMAT = "dwarf-with-dsym";
				GCC_C_LANGUAGE_STANDARD = gnu99;
				GCC_ENABLE_OBJC_EXCEPTIONS = YES;
				GCC_VERSION = com.apple.compilers.llvm.clang.1_0;
				GCC_WARN_64_TO_32_BIT_CONVERSION = YES;
				GCC_WARN_ABOUT_MISSING_PROTOTYPES = YES;
				GCC_WARN_ABOUT_RETURN_TYPE = YES;
				GCC_WARN_UNUSED_VARIABLE = YES;
				MACOSX_DEPLOYMENT_TARGET = 10.7;
				SDKROOT = macosx;
			};
			name = Release;
		};
		8592B2EA14FB675800B50188 /* Debug */ = {
			isa = XCBuildConfiguration;
			buildSettings = {
				GCC_PRECOMPILE_PREFIX_HEADER = YES;
				GCC_PREFIX_HEADER = "PanMaker/PanMaker-Prefix.pch";
				INFOPLIST_FILE = "PanMaker/PanMaker-Info.plist";
				PRODUCT_NAME = "$(TARGET_NAME)";
				WRAPPER_EXTENSION = app;
			};
			name = Debug;
		};
		8592B2EB14FB675800B50188 /* Release */ = {
			isa = XCBuildConfiguration;
			buildSettings = {
				GCC_PRECOMPILE_PREFIX_HEADER = YES;
				GCC_PREFIX_HEADER = "PanMaker/PanMaker-Prefix.pch";
				INFOPLIST_FILE = "PanMaker/PanMaker-Info.plist";
				PRODUCT_NAME = "$(TARGET_NAME)";
				WRAPPER_EXTENSION = app;
			};
			name = Release;
		};
/* End XCBuildConfiguration section */

/* Begin XCConfigurationList section */
		8592B2C514FB675700B50188 /* Build configuration list for PBXProject "PanMaker" */ = {
			isa = XCConfigurationList;
			buildConfigurations = (
				8592B2E714FB675800B50188 /* Debug */,
				8592B2E814FB675800B50188 /* Release */,
			);
			defaultConfigurationIsVisible = 0;
			defaultConfigurationName = Release;
		};
		8592B2E914FB675800B50188 /* Build configuration list for PBXNativeTarget "PanMaker" */ = {
			isa = XCConfigurationList;
			buildConfigurations = (
				8592B2EA14FB675800B50188 /* Debug */,
				8592B2EB14FB675800B50188 /* Release */,
			);
			defaultConfigurationIsVisible = 0;
		};
/* End XCConfigurationList section */
	};
	rootObject = 8592B2C214FB675700B50188 /* Project object */;
}
